
Microsoft Visual Studio Solution File, Format Version 12.00
# Visual Studio Version 17
VisualStudioVersion = 17.0.31521.260
MinimumVisualStudioVersion = 10.0.40219.1
Project("{FAE04EC0-301F-11D3-BF4B-00C04F79EFBC}") = "finalremix-db", "finalremix-db\finalremix-db.csproj", "{8523FAD5-75B5-43DD-A3FC-E1EE0CAD6566}"
EndProject
Project("{FAE04EC0-301F-11D3-BF4B-00C04F79EFBC}") = "finalremix-generators", "finalremix-generators\finalremix-generators.csproj", "{9B60860C-528D-40EF-9288-CE353A8CC1BE}"
EndProject
Global
	GlobalSection(SolutionConfigurationPlatforms) = preSolution
		Debug|Any CPU = Debug|Any CPU
		Release|Any CPU = Release|Any CPU
	EndGlobalSection
	GlobalSection(ProjectConfigurationPlatforms) = postSolution
		{8523FAD5-75B5-43DD-A3FC-E1EE0CAD6566}.Debug|Any CPU.ActiveCfg = Debug|Any CPU
		{8523FAD5-75B5-43DD-A3FC-E1EE0CAD6566}.Debug|Any CPU.Build.0 = Debug|Any CPU
		{8523FAD5-75B5-43DD-A3FC-E1EE0CAD6566}.Release|Any CPU.ActiveCfg = Release|Any CPU
		{8523FAD5-75B5-43DD-A3FC-E1EE0CAD6566}.Release|Any CPU.Build.0 = Release|Any CPU
		{9B60860C-528D-40EF-9288-CE353A8CC1BE}.Debug|Any CPU.ActiveCfg = Debug|Any CPU
		{9B60860C-528D-40EF-9288-CE353A8CC1BE}.Debug|Any CPU.Build.0 = Debug|Any CPU
		{9B60860C-528D-40EF-9288-CE353A8CC1BE}.Release|Any CPU.ActiveCfg = Release|Any CPU
		{9B60860C-528D-40EF-9288-CE353A8CC1BE}.Release|Any CPU.Build.0 = Release|Any CPU
	EndGlobalSection
	GlobalSection(SolutionProperties) = preSolution
		HideSolutionNode = FALSE
	EndGlobalSection
	GlobalSection(ExtensibilityGlobals) = postSolution
		SolutionGuid = {312DA8C5-2903-4B1A-A9EF-4E0AC115DB38}
	EndGlobalSection
EndGlobal
